
Microsoft Visual Studio Solution File, Format Version 12.00
# Visual Studio Version 17
VisualStudioVersion = 17.1.32319.34
MinimumVisualStudioVersion = 10.0.40219.1
Project("{9A19103F-16F7-4668-BE54-9A1E7A4F7556}") = "Alloy", "Alloy.csproj", "{EDD313CE-246B-45C9-94CB-8E392E28667C}"
EndProject
Global
	GlobalSection(SolutionConfigurationPlatforms) = preSolution
		Debug|Any CPU = Debug|Any CPU
		Release|Any CPU = Release|Any CPU
	EndGlobalSection
	GlobalSection(ProjectConfigurationPlatforms) = postSolution
		{EDD313CE-246B-45C9-94CB-8E392E28667C}.Debug|Any CPU.ActiveCfg = Debug|Any CPU
		{EDD313CE-246B-45C9-94CB-8E392E28667C}.Debug|Any CPU.Build.0 = Debug|Any CPU
		{EDD313CE-246B-45C9-94CB-8E392E28667C}.Release|Any CPU.ActiveCfg = Release|Any CPU
		{EDD313CE-246B-45C9-94CB-8E392E28667C}.Release|Any CPU.Build.0 = Release|Any CPU
	EndGlobalSection
	GlobalSection(SolutionProperties) = preSolution
		HideSolutionNode = FALSE
	EndGlobalSection
	GlobalSection(ExtensibilityGlobals) = postSolution
		SolutionGuid = {85F334C2-D5EB-4BE0-A52E-89E35E7F8A7C}
	EndGlobalSection
EndGlobal
